// !$*UTF8*$!
{
	archiveVersion = 1;
	classes = {
	};
	objectVersion = 46;
	objects = {

/* Begin PBXBuildFile section */
		034FBB921E3C766A007107BB /* DataHandler.swift in Sources */ = {isa = PBXBuildFile; fileRef = 034FBB911E3C766A007107BB /* DataHandler.swift */; };
		0399748C1E3C465B0064CA49 /* Assets.xcassets in Resources */ = {isa = PBXBuildFile; fileRef = 0399748B1E3C465B0064CA49 /* Assets.xcassets */; };
		039974931E3C465B0064CA49 /* MessagesExtension.appex in Embed App Extensions */ = {isa = PBXBuildFile; fileRef = 039974921E3C465B0064CA49 /* MessagesExtension.appex */; settings = {ATTRIBUTES = (RemoveHeadersOnCopy, ); }; };
		039974981E3C465B0064CA49 /* Messages.framework in Frameworks */ = {isa = PBXBuildFile; fileRef = 039974971E3C465B0064CA49 /* Messages.framework */; };
		0399749B1E3C465B0064CA49 /* MessageCategoryVC.swift in Sources */ = {isa = PBXBuildFile; fileRef = 0399749A1E3C465B0064CA49 /* MessageCategoryVC.swift */; };
		0399749E1E3C465B0064CA49 /* MainInterface.storyboard in Resources */ = {isa = PBXBuildFile; fileRef = 0399749C1E3C465B0064CA49 /* MainInterface.storyboard */; };
		039974A01E3C465B0064CA49 /* Assets.xcassets in Resources */ = {isa = PBXBuildFile; fileRef = 0399749F1E3C465B0064CA49 /* Assets.xcassets */; };
/* End PBXBuildFile section */

/* Begin PBXContainerItemProxy section */
		039974941E3C465B0064CA49 /* PBXContainerItemProxy */ = {
			isa = PBXContainerItemProxy;
			containerPortal = 039974821E3C465A0064CA49 /* Project object */;
			proxyType = 1;
			remoteGlobalIDString = 039974911E3C465B0064CA49;
			remoteInfo = MessagesExtension;
		};
/* End PBXContainerItemProxy section */

/* Begin PBXCopyFilesBuildPhase section */
		039974A71E3C465B0064CA49 /* Embed App Extensions */ = {
			isa = PBXCopyFilesBuildPhase;
			buildActionMask = 2147483647;
			dstPath = "";
			dstSubfolderSpec = 13;
			files = (
				039974931E3C465B0064CA49 /* MessagesExtension.appex in Embed App Extensions */,
			);
			name = "Embed App Extensions";
			runOnlyForDeploymentPostprocessing = 0;
		};
/* End PBXCopyFilesBuildPhase section */

/* Begin PBXFileReference section */
		034FBB911E3C766A007107BB /* DataHandler.swift */ = {isa = PBXFileReference; fileEncoding = 4; lastKnownFileType = sourcecode.swift; path = DataHandler.swift; sourceTree = "<group>"; };
		039974881E3C465B0064CA49 /* iMessageDemo.app */ = {isa = PBXFileReference; explicitFileType = wrapper.application; includeInIndex = 0; path = iMessageDemo.app; sourceTree = BUILT_PRODUCTS_DIR; };
		0399748B1E3C465B0064CA49 /* Assets.xcassets */ = {isa = PBXFileReference; lastKnownFileType = folder.assetcatalog; path = Assets.xcassets; sourceTree = "<group>"; };
		0399748D1E3C465B0064CA49 /* Info.plist */ = {isa = PBXFileReference; lastKnownFileType = text.plist.xml; path = Info.plist; sourceTree = "<group>"; };
		039974921E3C465B0064CA49 /* MessagesExtension.appex */ = {isa = PBXFileReference; explicitFileType = "wrapper.app-extension"; includeInIndex = 0; path = MessagesExtension.appex; sourceTree = BUILT_PRODUCTS_DIR; };
		039974971E3C465B0064CA49 /* Messages.framework */ = {isa = PBXFileReference; lastKnownFileType = wrapper.framework; name = Messages.framework; path = System/Library/Frameworks/Messages.framework; sourceTree = SDKROOT; };
		0399749A1E3C465B0064CA49 /* MessageCategoryVC.swift */ = {isa = PBXFileReference; lastKnownFileType = sourcecode.swift; path = MessageCategoryVC.swift; sourceTree = "<group>"; };
		0399749D1E3C465B0064CA49 /* Base */ = {isa = PBXFileReference; lastKnownFileType = file.storyboard; name = Base; path = Base.lproj/MainInterface.storyboard; sourceTree = "<group>"; };
		0399749F1E3C465B0064CA49 /* Assets.xcassets */ = {isa = PBXFileReference; lastKnownFileType = folder.assetcatalog; path = Assets.xcassets; sourceTree = "<group>"; };
		039974A11E3C465B0064CA49 /* Info.plist */ = {isa = PBXFileReference; lastKnownFileType = text.plist.xml; path = Info.plist; sourceTree = "<group>"; };
/* End PBXFileReference section */

/* Begin PBXFrameworksBuildPhase section */
		0399748F1E3C465B0064CA49 /* Frameworks */ = {
			isa = PBXFrameworksBuildPhase;
			buildActionMask = 2147483647;
			files = (
				039974981E3C465B0064CA49 /* Messages.framework in Frameworks */,
			);
			runOnlyForDeploymentPostprocessing = 0;
		};
/* End PBXFrameworksBuildPhase section */

/* Begin PBXGroup section */
		039974811E3C465A0064CA49 = {
			isa = PBXGroup;
			children = (
				0399748A1E3C465B0064CA49 /* iMessageDemo */,
				039974991E3C465B0064CA49 /* MessagesExtension */,
				039974961E3C465B0064CA49 /* Frameworks */,
				039974891E3C465B0064CA49 /* Products */,
			);
			sourceTree = "<group>";
		};
		039974891E3C465B0064CA49 /* Products */ = {
			isa = PBXGroup;
			children = (
				039974881E3C465B0064CA49 /* iMessageDemo.app */,
				039974921E3C465B0064CA49 /* MessagesExtension.appex */,
			);
			name = Products;
			sourceTree = "<group>";
		};
		0399748A1E3C465B0064CA49 /* iMessageDemo */ = {
			isa = PBXGroup;
			children = (
				0399748B1E3C465B0064CA49 /* Assets.xcassets */,
				0399748D1E3C465B0064CA49 /* Info.plist */,
			);
			path = iMessageDemo;
			sourceTree = "<group>";
		};
		039974961E3C465B0064CA49 /* Frameworks */ = {
			isa = PBXGroup;
			children = (
				039974971E3C465B0064CA49 /* Messages.framework */,
			);
			name = Frameworks;
			sourceTree = "<group>";
		};
		039974991E3C465B0064CA49 /* MessagesExtension */ = {
			isa = PBXGroup;
			children = (
				0399749A1E3C465B0064CA49 /* MessageCategoryVC.swift */,
				034FBB911E3C766A007107BB /* DataHandler.swift */,
				0399749C1E3C465B0064CA49 /* MainInterface.storyboard */,
				0399749F1E3C465B0064CA49 /* Assets.xcassets */,
				039974A11E3C465B0064CA49 /* Info.plist */,
			);
			path = MessagesExtension;
			sourceTree = "<group>";
		};
/* End PBXGroup section */

/* Begin PBXNativeTarget section */
		039974871E3C465A0064CA49 /* iMessageDemo */ = {
			isa = PBXNativeTarget;
			buildConfigurationList = 039974A81E3C465B0064CA49 /* Build configuration list for PBXNativeTarget "iMessageDemo" */;
			buildPhases = (
				039974861E3C465A0064CA49 /* Resources */,
				039974A71E3C465B0064CA49 /* Embed App Extensions */,
			);
			buildRules = (
			);
			dependencies = (
				039974951E3C465B0064CA49 /* PBXTargetDependency */,
			);
			name = iMessageDemo;
			productName = iMessageDemo;
			productReference = 039974881E3C465B0064CA49 /* iMessageDemo.app */;
			productType = "com.apple.product-type.application.messages";
		};
		039974911E3C465B0064CA49 /* MessagesExtension */ = {
			isa = PBXNativeTarget;
			buildConfigurationList = 039974A41E3C465B0064CA49 /* Build configuration list for PBXNativeTarget "MessagesExtension" */;
			buildPhases = (
				0399748E1E3C465B0064CA49 /* Sources */,
				0399748F1E3C465B0064CA49 /* Frameworks */,
				039974901E3C465B0064CA49 /* Resources */,
			);
			buildRules = (
			);
			dependencies = (
			);
			name = MessagesExtension;
			productName = MessagesExtension;
			productReference = 039974921E3C465B0064CA49 /* MessagesExtension.appex */;
			productType = "com.apple.product-type.app-extension.messages";
		};
/* End PBXNativeTarget section */

/* Begin PBXProject section */
		039974821E3C465A0064CA49 /* Project object */ = {
			isa = PBXProject;
			attributes = {
				LastSwiftUpdateCheck = 0820;
				LastUpgradeCheck = 0820;
				ORGANIZATIONNAME = "Yudiz Solution Pvt Ltd";
				TargetAttributes = {
					039974871E3C465A0064CA49 = {
						CreatedOnToolsVersion = 8.2;
						DevelopmentTeam = 5GL3E4GW7P;
						ProvisioningStyle = Automatic;
					};
					039974911E3C465B0064CA49 = {
						CreatedOnToolsVersion = 8.2;
						DevelopmentTeam = 5GL3E4GW7P;
						ProvisioningStyle = Automatic;
					};
				};
			};
			buildConfigurationList = 039974851E3C465A0064CA49 /* Build configuration list for PBXProject "iMessageDemo" */;
			compatibilityVersion = "Xcode 3.2";
			developmentRegion = English;
			hasScannedForEncodings = 0;
			knownRegions = (
				en,
				Base,
			);
			mainGroup = 039974811E3C465A0064CA49;
			productRefGroup = 039974891E3C465B0064CA49 /* Products */;
			projectDirPath = "";
			projectRoot = "";
			targets = (
				039974871E3C465A0064CA49 /* iMessageDemo */,
				039974911E3C465B0064CA49 /* MessagesExtension */,
			);
		};
/* End PBXProject section */

/* Begin PBXResourcesBuildPhase section */
		039974861E3C465A0064CA49 /* Resources */ = {
			isa = PBXResourcesBuildPhase;
			buildActionMask = 2147483647;
			files = (
				0399748C1E3C465B0064CA49 /* Assets.xcassets in Resources */,
			);
			runOnlyForDeploymentPostprocessing = 0;
		};
		039974901E3C465B0064CA49 /* Resources */ = {
			isa = PBXResourcesBuildPhase;
			buildActionMask = 2147483647;
			files = (
				039974A01E3C465B0064CA49 /* Assets.xcassets in Resources */,
				0399749E1E3C465B0064CA49 /* MainInterface.storyboard in Resources */,
			);
			runOnlyForDeploymentPostprocessing = 0;
		};
/* End PBXResourcesBuildPhase section */

/* Begin PBXSourcesBuildPhase section */
		0399748E1E3C465B0064CA49 /* Sources */ = {
			isa = PBXSourcesBuildPhase;
			buildActionMask = 2147483647;
			files = (
				034FBB921E3C766A007107BB /* DataHandler.swift in Sources */,
				0399749B1E3C465B0064CA49 /* MessageCategoryVC.swift in Sources */,
			);
			runOnlyForDeploymentPostprocessing = 0;
		};
/* End PBXSourcesBuildPhase section */

/* Begin PBXTargetDependency section */
		039974951E3C465B0064CA49 /* PBXTargetDependency */ = {
			isa = PBXTargetDependency;
			target = 039974911E3C465B0064CA49 /* MessagesExtension */;
			targetProxy = 039974941E3C465B0064CA49 /* PBXContainerItemProxy */;
		};
/* End PBXTargetDependency section */

/* Begin PBXVariantGroup section */
		0399749C1E3C465B0064CA49 /* MainInterface.storyboard */ = {
			isa = PBXVariantGroup;
			children = (
				0399749D1E3C465B0064CA49 /* Base */,
			);
			name = MainInterface.storyboard;
			sourceTree = "<group>";
		};
/* End PBXVariantGroup section */

/* Begin XCBuildConfiguration section */
		039974A21E3C465B0064CA49 /* Debug */ = {
			isa = XCBuildConfiguration;
			buildSettings = {
				ALWAYS_SEARCH_USER_PATHS = NO;
				CLANG_ANALYZER_NONNULL = YES;
				CLANG_CXX_LANGUAGE_STANDARD = "gnu++0x";
				CLANG_CXX_LIBRARY = "libc++";
				CLANG_ENABLE_MODULES = YES;
				CLANG_ENABLE_OBJC_ARC = YES;
				CLANG_WARN_BOOL_CONVERSION = YES;
				CLANG_WARN_CONSTANT_CONVERSION = YES;
				CLANG_WARN_DIRECT_OBJC_ISA_USAGE = YES_ERROR;
				CLANG_WARN_DOCUMENTATION_COMMENTS = YES;
				CLANG_WARN_EMPTY_BODY = YES;
				CLANG_WARN_ENUM_CONVERSION = YES;
				CLANG_WARN_INFINITE_RECURSION = YES;
				CLANG_WARN_INT_CONVERSION = YES;
				CLANG_WARN_OBJC_ROOT_CLASS = YES_ERROR;
				CLANG_WARN_SUSPICIOUS_MOVE = YES;
				CLANG_WARN_UNREACHABLE_CODE = YES;
				CLANG_WARN__DUPLICATE_METHOD_MATCH = YES;
				"CODE_SIGN_IDENTITY[sdk=iphoneos*]" = "iPhone Developer";
				COPY_PHASE_STRIP = NO;
				DEBUG_INFORMATION_FORMAT = dwarf;
				ENABLE_STRICT_OBJC_MSGSEND = YES;
				ENABLE_TESTABILITY = YES;
				GCC_C_LANGUAGE_STANDARD = gnu99;
				GCC_DYNAMIC_NO_PIC = NO;
				GCC_NO_COMMON_BLOCKS = YES;
				GCC_OPTIMIZATION_LEVEL = 0;
				GCC_PREPROCESSOR_DEFINITIONS = (
					"DEBUG=1",
					"$(inherited)",
				);
				GCC_WARN_64_TO_32_BIT_CONVERSION = YES;
				GCC_WARN_ABOUT_RETURN_TYPE = YES_ERROR;
				GCC_WARN_UNDECLARED_SELECTOR = YES;
				GCC_WARN_UNINITIALIZED_AUTOS = YES_AGGRESSIVE;
				GCC_WARN_UNUSED_FUNCTION = YES;
				GCC_WARN_UNUSED_VARIABLE = YES;
				IPHONEOS_DEPLOYMENT_TARGET = 10.2;
				MTL_ENABLE_DEBUG_INFO = YES;
				ONLY_ACTIVE_ARCH = YES;
				SDKROOT = iphoneos;
				SWIFT_ACTIVE_COMPILATION_CONDITIONS = DEBUG;
				SWIFT_OPTIMIZATION_LEVEL = "-Onone";
				TARGETED_DEVICE_FAMILY = "1,2";
			};
			name = Debug;
		};
		039974A31E3C465B0064CA49 /* Release */ = {
			isa = XCBuildConfiguration;
			buildSettings = {
				ALWAYS_SEARCH_USER_PATHS = NO;
				CLANG_ANALYZER_NONNULL = YES;
				CLANG_CXX_LANGUAGE_STANDARD = "gnu++0x";
				CLANG_CXX_LIBRARY = "libc++";
				CLANG_ENABLE_MODULES = YES;
				CLANG_ENABLE_OBJC_ARC = YES;
				CLANG_WARN_BOOL_CONVERSION = YES;
				CLANG_WARN_CONSTANT_CONVERSION = YES;
				CLANG_WARN_DIRECT_OBJC_ISA_USAGE = YES_ERROR;
				CLANG_WARN_DOCUMENTATION_COMMENTS = YES;
				CLANG_WARN_EMPTY_BODY = YES;
				CLANG_WARN_ENUM_CONVERSION = YES;
				CLANG_WARN_INFINITE_RECURSION = YES;
				CLANG_WARN_INT_CONVERSION = YES;
				CLANG_WARN_OBJC_ROOT_CLASS = YES_ERROR;
				CLANG_WARN_SUSPICIOUS_MOVE = YES;
				CLANG_WARN_UNREACHABLE_CODE = YES;
				CLANG_WARN__DUPLICATE_METHOD_MATCH = YES;
				"CODE_SIGN_IDENTITY[sdk=iphoneos*]" = "iPhone Developer";
				COPY_PHASE_STRIP = NO;
				DEBUG_INFORMATION_FORMAT = "dwarf-with-dsym";
				ENABLE_NS_ASSERTIONS = NO;
				ENABLE_STRICT_OBJC_MSGSEND = YES;
				GCC_C_LANGUAGE_STANDARD = gnu99;
				GCC_NO_COMMON_BLOCKS = YES;
				GCC_WARN_64_TO_32_BIT_CONVERSION = YES;
				GCC_WARN_ABOUT_RETURN_TYPE = YES_ERROR;
				GCC_WARN_UNDECLARED_SELECTOR = YES;
				GCC_WARN_UNINITIALIZED_AUTOS = YES_AGGRESSIVE;
				GCC_WARN_UNUSED_FUNCTION = YES;
				GCC_WARN_UNUSED_VARIABLE = YES;
				IPHONEOS_DEPLOYMENT_TARGET = 10.2;
				MTL_ENABLE_DEBUG_INFO = NO;
				SDKROOT = iphoneos;
				SWIFT_OPTIMIZATION_LEVEL = "-Owholemodule";
				TARGETED_DEVICE_FAMILY = "1,2";
				VALIDATE_PRODUCT = YES;
			};
			name = Release;
		};
		039974A51E3C465B0064CA49 /* Debug */ = {
			isa = XCBuildConfiguration;
			buildSettings = {
				ASSETCATALOG_COMPILER_APPICON_NAME = "iMessage App Icon";
				DEVELOPMENT_TEAM = 5GL3E4GW7P;
				INFOPLIST_FILE = MessagesExtension/Info.plist;
				LD_RUNPATH_SEARCH_PATHS = "$(inherited) @executable_path/Frameworks @executable_path/../../Frameworks";
				PRODUCT_BUNDLE_IDENTIFIER = com.yudiz.iMessageDemo.MessagesExtension;
				PRODUCT_NAME = "$(TARGET_NAME)";
				SKIP_INSTALL = YES;
				SWIFT_VERSION = 3.0;
			};
			name = Debug;
		};
		039974A61E3C465B0064CA49 /* Release */ = {
			isa = XCBuildConfiguration;
			buildSettings = {
				ASSETCATALOG_COMPILER_APPICON_NAME = "iMessage App Icon";
				DEVELOPMENT_TEAM = 5GL3E4GW7P;
				INFOPLIST_FILE = MessagesExtension/Info.plist;
				LD_RUNPATH_SEARCH_PATHS = "$(inherited) @executable_path/Frameworks @executable_path/../../Frameworks";
				PRODUCT_BUNDLE_IDENTIFIER = com.yudiz.iMessageDemo.MessagesExtension;
				PRODUCT_NAME = "$(TARGET_NAME)";
				SKIP_INSTALL = YES;
				SWIFT_VERSION = 3.0;
			};
			name = Release;
		};
		039974A91E3C465B0064CA49 /* Debug */ = {
			isa = XCBuildConfiguration;
			buildSettings = {
				ALWAYS_EMBED_SWIFT_STANDARD_LIBRARIES = YES;
				ASSETCATALOG_COMPILER_APPICON_NAME = AppIcon;
				DEVELOPMENT_TEAM = 5GL3E4GW7P;
				INFOPLIST_FILE = iMessageDemo/Info.plist;
				PRODUCT_BUNDLE_IDENTIFIER = com.yudiz.iMessageDemo;
				PRODUCT_NAME = "$(TARGET_NAME)";
				SWIFT_VERSION = 3.0;
			};
			name = Debug;
		};
		039974AA1E3C465B0064CA49 /* Release */ = {
			isa = XCBuildConfiguration;
			buildSettings = {
				ALWAYS_EMBED_SWIFT_STANDARD_LIBRARIES = YES;
				ASSETCATALOG_COMPILER_APPICON_NAME = AppIcon;
				DEVELOPMENT_TEAM = 5GL3E4GW7P;
				INFOPLIST_FILE = iMessageDemo/Info.plist;
				PRODUCT_BUNDLE_IDENTIFIER = com.yudiz.iMessageDemo;
				PRODUCT_NAME = "$(TARGET_NAME)";
				SWIFT_VERSION = 3.0;
			};
			name = Release;
		};
/* End XCBuildConfiguration section */

/* Begin XCConfigurationList section */
		039974851E3C465A0064CA49 /* Build configuration list for PBXProject "iMessageDemo" */ = {
			isa = XCConfigurationList;
			buildConfigurations = (
				039974A21E3C465B0064CA49 /* Debug */,
				039974A31E3C465B0064CA49 /* Release */,
			);
			defaultConfigurationIsVisible = 0;
			defaultConfigurationName = Release;
		};
		039974A41E3C465B0064CA49 /* Build configuration list for PBXNativeTarget "MessagesExtension" */ = {
			isa = XCConfigurationList;
			buildConfigurations = (
				039974A51E3C465B0064CA49 /* Debug */,
				039974A61E3C465B0064CA49 /* Release */,
			);
			defaultConfigurationIsVisible = 0;
			defaultConfigurationName = Release;
		};
		039974A81E3C465B0064CA49 /* Build configuration list for PBXNativeTarget "iMessageDemo" */ = {
			isa = XCConfigurationList;
			buildConfigurations = (
				039974A91E3C465B0064CA49 /* Debug */,
				039974AA1E3C465B0064CA49 /* Release */,
			);
			defaultConfigurationIsVisible = 0;
			defaultConfigurationName = Release;
		};
/* End XCConfigurationList section */
	};
	rootObject = 039974821E3C465A0064CA49 /* Project object */;
}
